# This file is autogenerated, do not edit; changes may be undone by the next 'dep ensure'.


[[projects]]
  name = "github.com/BurntSushi/toml"
  packages = ["."]
  revision = "b26d9c308763d68093482582cea63d69be07a0f0"
  version = "v0.3.0"

[[projects]]
  name = "github.com/google/gopacket"
  packages = [
    ".",
    "layers",
    "pcap"
  ]
  revision = "157f9f84344746b9ed8ca4e92db2419ad94d4fc6"

[solve-meta]
  analyzer-name = "dep"
  analyzer-version = 1
  inputs-digest = "f9a7498f3b2c37e281db03ec64056d0ce93bbc68be03e70529631ab9ed876a4e"
  solver-name = "gps-cdcl"
  solver-version = 1
