# This file is autogenerated, do not edit; changes may be undone by the next 'dep ensure'.


[[projects]]
  name = "github.com/BurntSushi/toml"
  packages = ["."]
  revision = "b26d9c308763d68093482582cea63d69be07a0f0"
  version = "v0.3.0"

[[projects]]
  name = "github.com/google/gopacket"
  packages = [
    ".",
    "layers",
    "pcap",
    "pcapgo"
  ]
  revision = "11c65f1ca9081dfea43b4f9643f5c155583b73ba"
  version = "v1.1.14"

[solve-meta]
  analyzer-name = "dep"
  analyzer-version = 1
  inputs-digest = "19485ea88419adee25e029fbfaa52e1770c56196dd5d3800f6d367b4f1c742d6"
  solver-name = "gps-cdcl"
  solver-version = 1
